{
    "_readme": [
        "This file locks the dependencies of your project to a known state",
        "Read more about it at https://getcomposer.org/doc/01-basic-usage.md#composer-lock-the-lock-file",
        "This file is @generated automatically"
    ],
    "content-hash": "f361236bd603c67299c42c3d43132399",
    "packages": [
        {
            "name": "delight-im/http",
            "version": "v2.0.0",
            "source": {
                "type": "git",
                "url": "https://github.com/delight-im/PHP-HTTP.git",
                "reference": "0a19a72a7eac8b1301aa972fb20cff494ac43e09"
            },
            "dist": {
                "type": "zip",
                "url": "https://api.github.com/repos/delight-im/PHP-HTTP/zipball/0a19a72a7eac8b1301aa972fb20cff494ac43e09",
                "reference": "0a19a72a7eac8b1301aa972fb20cff494ac43e09",
                "shasum": ""
            },
            "require": {
                "php": ">=5.3.0"
            },
            "type": "library",
            "autoload": {
                "psr-4": {
                    "Delight\\Http\\": "src/"
                }
            },
            "notification-url": "https://packagist.org/downloads/",
            "license": [
                "MIT"
            ],
            "description": "Hypertext Transfer Protocol (HTTP) utilities for PHP",
            "homepage": "https://github.com/delight-im/PHP-HTTP",
            "keywords": [
                "headers",
                "http",
                "https"
            ],
            "time": "2016-07-21T15:05:01+00:00"
        },
        {
            "name": "paragonie/cookie",
            "version": "dev-master",
            "source": {
                "type": "git",
                "url": "https://github.com/paragonie/PHP-Cookie.git",
                "reference": "aae061170f7093e2cdc9dab5949fd1aab5bec2a7"
            },
            "dist": {
                "type": "zip",
                "url": "https://api.github.com/repos/paragonie/PHP-Cookie/zipball/aae061170f7093e2cdc9dab5949fd1aab5bec2a7",
                "reference": "aae061170f7093e2cdc9dab5949fd1aab5bec2a7",
                "shasum": ""
            },
            "require": {
                "delight-im/http": "^2.0",
                "php": "^7"
            },
            "type": "library",
            "autoload": {
                "psr-4": {
                    "ParagonIE\\Cookie\\": "src/"
                }
            },
            "notification-url": "https://packagist.org/downloads/",
            "license": [
                "MIT"
            ],
            "description": "Modern cookie management for PHP 7",
            "homepage": "https://github.com/paragonie/PHP-Cookie",
            "keywords": [
                "cookie",
                "cookies",
                "csrf",
                "http",
                "same-site",
                "samesite",
                "xss"
            ],
            "time": "2017-06-21 16:15:52"
        },
        {
            "name": "paragonie/random_compat",
            "version": "v2.0.10",
            "source": {
                "type": "git",
                "url": "https://github.com/paragonie/random_compat.git",
                "reference": "634bae8e911eefa89c1abfbf1b66da679ac8f54d"
            },
            "dist": {
                "type": "zip",
                "url": "https://api.github.com/repos/paragonie/random_compat/zipball/634bae8e911eefa89c1abfbf1b66da679ac8f54d",
                "reference": "634bae8e911eefa89c1abfbf1b66da679ac8f54d",
                "shasum": ""
            },
            "require": {
                "php": ">=5.2.0"
            },
            "require-dev": {
                "phpunit/phpunit": "4.*|5.*"
            },
            "suggest": {
                "ext-libsodium": "Provides a modern crypto API that can be used to generate random bytes."
            },
            "type": "library",
            "autoload": {
                "files": [
                    "lib/random.php"
                ]
            },
            "notification-url": "https://packagist.org/downloads/",
            "license": [
                "MIT"
            ],
            "authors": [
                {
                    "name": "Paragon Initiative Enterprises",
                    "email": "security@paragonie.com",
                    "homepage": "https://paragonie.com"
                }
            ],
            "description": "PHP 5.x polyfill for random_bytes() and random_int() from PHP 7",
            "keywords": [
                "csprng",
                "pseudorandom",
                "random"
            ],
            "time": "2017-03-13T16:27:32+00:00"
        },
        {
            "name": "psr/http-message",
            "version": "1.0.1",
            "source": {
                "type": "git",
                "url": "https://github.com/php-fig/http-message.git",
                "reference": "f6561bf28d520154e4b0ec72be95418abe6d9363"
            },
            "dist": {
                "type": "zip",
                "url": "https://api.github.com/repos/php-fig/http-message/zipball/f6561bf28d520154e4b0ec72be95418abe6d9363",
                "reference": "f6561bf28d520154e4b0ec72be95418abe6d9363",
                "shasum": ""
            },
            "require": {
                "php": ">=5.3.0"
            },
            "type": "library",
            "extra": {
                "branch-alias": {
                    "dev-master": "1.0.x-dev"
                }
            },
            "autoload": {
                "psr-4": {
                    "Psr\\Http\\Message\\": "src/"
                }
            },
            "notification-url": "https://packagist.org/downloads/",
            "license": [
                "MIT"
            ],
            "authors": [
                {
                    "name": "PHP-FIG",
                    "homepage": "http://www.php-fig.org/"
                }
            ],
            "description": "Common interface for HTTP messages",
            "homepage": "https://github.com/php-fig/http-message",
            "keywords": [
                "http",
                "http-message",
                "psr",
                "psr-7",
                "request",
                "response"
            ],
            "time": "2016-08-06T14:39:51+00:00"
        },
        {
            "name": "psr7-sessions/session-encode-decoder",
            "version": "dev-master",
            "source": {
                "type": "git",
                "url": "https://github.com/psr7-sessions/session-encode-decode.git",
                "reference": "40ca7aa3cdacac8066e34b576bdb8f78b3d80ddc"
            },
            "dist": {
                "type": "zip",
                "url": "https://api.github.com/repos/psr7-sessions/session-encode-decode/zipball/40ca7aa3cdacac8066e34b576bdb8f78b3d80ddc",
                "reference": "40ca7aa3cdacac8066e34b576bdb8f78b3d80ddc",
                "shasum": ""
            },
            "require": {
                "php": "~7.0"
            },
            "require-dev": {
                "phpunit/phpunit": "^5.7"
            },
            "type": "library",
            "autoload": {
                "psr-4": {
                    "PSR7SessionEncodeDecode\\": "src/"
                }
            },
            "autoload-dev": {
                "psr-4": {
                    "PSR7SessionEncodeDecodeTest\\": "test/unit/"
                }
            },
            "license": [
                "MIT"
            ],
            "authors": [
                {
                    "name": "Jefersson Nathan",
                    "email": "malukenho@phpse.net",
                    "role": "Developer"
                }
            ],
            "description": "Storageless PSR-7 Session support",
            "support": {
                "source": "https://github.com/psr7-sessions/session-encode-decode/tree/master",
                "issues": "https://github.com/psr7-sessions/session-encode-decode/issues"
            },
            "time": "2017-01-10 23:50:17"
        },
        {
            "name": "roave/security-advisories",
            "version": "dev-master",
            "source": {
                "type": "git",
                "url": "https://github.com/Roave/SecurityAdvisories.git",
                "reference": "c1bdf69b424087447dc8e12d95b373c2b1cc77f2"
            },
            "dist": {
                "type": "zip",
                "url": "https://api.github.com/repos/Roave/SecurityAdvisories/zipball/c1bdf69b424087447dc8e12d95b373c2b1cc77f2",
                "reference": "c1bdf69b424087447dc8e12d95b373c2b1cc77f2",
                "shasum": ""
            },
            "conflict": {
                "adodb/adodb-php": "<5.20.6",
                "amphp/artax": ">=2,<2.0.6|<1.0.6",
                "aws/aws-sdk-php": ">=3,<3.2.1",
                "bugsnag/bugsnag-laravel": ">=2,<2.0.2",
                "cakephp/cakephp": ">=3,<3.0.15|>=2,<2.4.99|>=2.5,<2.5.99|>=2.6,<2.6.12|>=1.3,<1.3.18|>=2.7,<2.7.6|>=3.1,<3.1.4",
                "cart2quote/module-quotation": ">=4.1.6,<=4.4.5|>=5,<5.4.4",
                "cartalyst/sentry": "<2.1",
                "codeigniter/framework": "<=3.0.6",
                "composer/composer": "<=1.0.0-alpha11",
                "contao-components/mediaelement": ">=2.14.2,<2.21.1",
                "contao/core": ">=2,<3.5.28",
                "contao/core-bundle": ">=4,<4.4.1",
                "doctrine/annotations": ">=1,<1.2.7",
                "doctrine/cache": ">=1,<1.3.2|>=1.4,<1.4.2",
                "doctrine/common": ">=2,<2.4.3|>=2.5,<2.5.1",
                "doctrine/dbal": ">=2,<2.0.8|>=2.1,<2.1.2",
                "doctrine/doctrine-bundle": "<1.5.2",
                "doctrine/doctrine-module": "<=0.7.1",
                "doctrine/mongodb-odm": ">=1,<1.0.2",
                "doctrine/mongodb-odm-bundle": ">=2,<3.0.1",
                "doctrine/orm": ">=2,<2.4.8|>=2.5,<2.5.1",
                "dompdf/dompdf": ">=0.6,<0.6.2",
                "drupal/core": ">=8,<8.3.4",
                "drupal/drupal": ">=8,<8.3.4",
                "firebase/php-jwt": "<2",
                "friendsofsymfony/rest-bundle": ">=1.2,<1.2.2",
                "friendsofsymfony/user-bundle": ">=1.2,<1.3.5",
                "gregwar/rst": "<1.0.3",
                "guzzlehttp/guzzle": ">=6,<6.2.1|>=4.0.0-rc2,<4.2.4|>=5,<5.3.1",
                "illuminate/auth": ">=4,<4.0.99|>=4.1,<4.1.26",
                "illuminate/database": ">=4,<4.0.99|>=4.1,<4.1.29",
                "joomla/session": "<1.3.1",
                "laravel/framework": ">=4,<4.0.99|>=4.1,<4.1.29",
                "laravel/socialite": ">=1,<1.0.99|>=2,<2.0.10",
                "magento/magento1ce": ">=1.5.0.1,<1.9.3.2",
                "magento/magento1ee": ">=1.9,<1.14.3.2",
                "magento/magento2ce": ">=2,<2.2",
                "monolog/monolog": ">=1.8,<1.12",
                "namshi/jose": "<2.2",
                "onelogin/php-saml": "<2.10.4",
                "oro/crm": ">=1.7,<1.7.4",
                "oro/platform": ">=1.7,<1.7.4",
                "phpmailer/phpmailer": ">=5,<5.2.22",
                "pusher/pusher-php-server": "<2.2.1",
                "sabre/dav": ">=1.6,<1.6.99|>=1.7,<1.7.11|>=1.8,<1.8.9",
                "shopware/shopware": "<4.4|>=5,<5.2.16",
                "silverstripe/cms": ">=3.1,<3.1.11|>=3,<=3.0.11",
                "silverstripe/forum": "<=0.6.1|>=0.7,<=0.7.3",
                "silverstripe/framework": ">=3,<3.3",
                "silverstripe/userforms": "<3",
                "simplesamlphp/saml2": "<1.8.1|>=1.9,<1.9.1|>=1.10,<1.10.3|>=2,<2.3.3",
                "simplesamlphp/simplesamlphp": "<1.14.12",
                "simplesamlphp/simplesamlphp-module-infocard": "<1.0.1",
                "socalnick/scn-social-auth": "<1.15.2",
                "squizlabs/php_codesniffer": ">=1,<2.8.1",
                "swiftmailer/swiftmailer": ">=4,<5.4.5",
                "symfony/dependency-injection": ">=2,<2.0.17",
                "symfony/form": ">=2.3,<2.3.35|>=2.4,<2.6.12|>=2.7,<2.7.7",
                "symfony/framework-bundle": ">=2,<2.3.18|>=2.4,<2.4.8|>=2.5,<2.5.2",
                "symfony/http-foundation": ">=2,<2.3.27|>=2.4,<2.5.11|>=2.6,<2.6.6",
                "symfony/http-kernel": ">=2,<2.3.29|>=2.4,<2.5.12|>=2.6,<2.6.8",
                "symfony/routing": ">=2,<2.0.19",
                "symfony/security": ">=2.3,<2.3.37|>=2.4,<2.6.13|>=2.7,<2.7.9|>=2,<2.0.25|>=2.1,<2.1.13|>=2.2,<2.2.9",
                "symfony/security-core": ">=2.8,<2.8.6|>=3,<3.0.6|>=2.4,<2.6.13|>=2.7,<2.7.9",
                "symfony/security-http": ">=2.4,<2.7.13|>=2.3,<2.3.41|>=2.8,<2.8.6|>=3,<3.0.6",
                "symfony/serializer": ">=2,<2.0.11",
                "symfony/symfony": ">=2,<2.3.41|>=2.4,<2.7.13|>=2.8,<2.8.6|>=3,<3.0.6",
                "symfony/translation": ">=2,<2.0.17",
                "symfony/validator": ">=2,<2.0.24|>=2.1,<2.1.12|>=2.2,<2.2.5|>=2.3,<2.3.3",
                "symfony/web-profiler-bundle": ">=2,<2.3.19|>=2.4,<2.4.9|>=2.5,<2.5.4",
                "symfony/yaml": ">=2,<2.0.22|>=2.1,<2.1.7",
                "thelia/backoffice-default-template": ">=2.1,<2.1.2",
                "thelia/thelia": ">=2.1.0-beta1,<2.1.3|>=2.1,<2.1.2",
                "twig/twig": "<1.20",
                "typo3/cms": ">=6.2,<6.2.30|>=8,<8.6.1|>=7,<7.6.16",
                "typo3/flow": ">=2.3,<2.3.16|>=3,<3.0.10|>=3.1,<3.1.7|>=3.2,<3.2.7|>=3.3,<3.3.5|>=1,<1.0.4|>=1.1,<1.1.1|>=2,<2.0.1",
                "typo3/neos": ">=1.1,<1.1.3|>=1.2,<1.2.13|>=2,<2.0.4",
                "willdurand/js-translation-bundle": "<2.1.1",
                "yiisoft/yii": ">=1.1.14,<1.1.15",
                "yiisoft/yii2": "<2.0.5",
                "yiisoft/yii2-bootstrap": "<2.0.4",
                "yiisoft/yii2-dev": "<2.0.4",
                "yiisoft/yii2-gii": "<2.0.4",
                "yiisoft/yii2-jui": "<2.0.4",
                "zendframework/zend-cache": ">=2.4,<2.4.8|>=2.5,<2.5.3",
                "zendframework/zend-captcha": ">=2,<2.4.9|>=2.5,<2.5.2",
                "zendframework/zend-crypt": ">=2,<2.4.9|>=2.5,<2.5.2",
                "zendframework/zend-db": ">=2,<2.0.99|>=2.1,<2.1.99|>=2.2,<2.2.10|>=2.3,<2.3.5",
                "zendframework/zend-diactoros": ">=1,<1.0.4",
                "zendframework/zend-form": ">=2,<2.2.7|>=2.3,<2.3.1",
                "zendframework/zend-http": ">=2,<2.0.99|>=2.1,<2.1.99|>=2.3,<2.3.8|>=2.4,<2.4.1",
                "zendframework/zend-json": ">=2.1,<2.1.6|>=2.2,<2.2.6",
                "zendframework/zend-ldap": ">=2,<2.0.99|>=2.1,<2.1.99|>=2.2,<2.2.8|>=2.3,<2.3.3",
                "zendframework/zend-mail": ">=2,<2.4.11|>=2.5,<2.7.2",
                "zendframework/zend-navigation": ">=2,<2.2.7|>=2.3,<2.3.1",
                "zendframework/zend-session": ">=2,<2.0.99|>=2.1,<2.1.99|>=2.2,<2.2.9|>=2.3,<2.3.4",
                "zendframework/zend-validator": ">=2.3,<2.3.6",
                "zendframework/zend-view": ">=2,<2.2.7|>=2.3,<2.3.1",
                "zendframework/zend-xmlrpc": ">=2.1,<2.1.6|>=2.2,<2.2.6",
                "zendframework/zendframework": ">=2,<2.4.11|>=2.5,<2.5.1",
                "zendframework/zendframework1": "<1.12.20",
                "zendframework/zendopenid": ">=2,<2.0.2",
                "zendframework/zendxml": ">=1,<1.0.1",
                "zf-commons/zfc-user": "<1.2.2",
                "zfcampus/zf-apigility-doctrine": ">=1,<1.0.3",
                "zfr/zfr-oauth2-server-module": "<0.1.2"
            },
            "type": "metapackage",
            "notification-url": "https://packagist.org/downloads/",
            "license": [
                "MIT"
            ],
            "authors": [
                {
                    "name": "Marco Pivetta",
                    "email": "ocramius@gmail.com",
                    "role": "maintainer"
                }
            ],
            "description": "Prevents installation of composer packages with known security vulnerabilities: no API, simply require it",
            "time": "2017-07-12T12:45:47+00:00"
        },
        {
            "name": "symfony/options-resolver",
            "version": "v3.3.4",
            "source": {
                "type": "git",
                "url": "https://github.com/symfony/options-resolver.git",
                "reference": "ff48982d295bcac1fd861f934f041ebc73ae40f0"
            },
            "dist": {
                "type": "zip",
                "url": "https://api.github.com/repos/symfony/options-resolver/zipball/ff48982d295bcac1fd861f934f041ebc73ae40f0",
                "reference": "ff48982d295bcac1fd861f934f041ebc73ae40f0",
                "shasum": ""
            },
            "require": {
                "php": ">=5.5.9"
            },
            "type": "library",
            "extra": {
                "branch-alias": {
                    "dev-master": "3.3-dev"
                }
            },
            "autoload": {
                "psr-4": {
                    "Symfony\\Component\\OptionsResolver\\": ""
                },
                "exclude-from-classmap": [
                    "/Tests/"
                ]
            },
            "notification-url": "https://packagist.org/downloads/",
            "license": [
                "MIT"
            ],
            "authors": [
                {
                    "name": "Fabien Potencier",
                    "email": "fabien@symfony.com"
                },
                {
                    "name": "Symfony Community",
                    "homepage": "https://symfony.com/contributors"
                }
            ],
            "description": "Symfony OptionsResolver Component",
            "homepage": "https://symfony.com",
            "keywords": [
                "config",
                "configuration",
                "options"
            ],
            "time": "2017-04-12T14:14:56+00:00"
        },
        {
            "name": "zendframework/zend-math",
            "version": "3.0.0",
            "source": {
                "type": "git",
                "url": "https://github.com/zendframework/zend-math.git",
                "reference": "fda3b4e6c3bb15c35adc6db38b2eacabaa243e65"
            },
            "dist": {
                "type": "zip",
                "url": "https://api.github.com/repos/zendframework/zend-math/zipball/fda3b4e6c3bb15c35adc6db38b2eacabaa243e65",
                "reference": "fda3b4e6c3bb15c35adc6db38b2eacabaa243e65",
                "shasum": ""
            },
            "require": {
                "ext-mbstring": "*",
                "paragonie/random_compat": "^2.0.2",
                "php": "^5.5 || ^7.0"
            },
            "require-dev": {
                "fabpot/php-cs-fixer": "1.7.*",
                "phpunit/phpunit": "~4.0"
            },
            "suggest": {
                "ext-bcmath": "If using the bcmath functionality",
                "ext-gmp": "If using the gmp functionality"
            },
            "type": "library",
            "extra": {
                "branch-alias": {
                    "dev-master": "3.0-dev",
                    "dev-develop": "3.1-dev"
                }
            },
            "autoload": {
                "psr-4": {
                    "Zend\\Math\\": "src/"
                }
            },
            "notification-url": "https://packagist.org/downloads/",
            "license": [
                "BSD-3-Clause"
            ],
            "homepage": "https://github.com/zendframework/zend-math",
            "keywords": [
                "math",
                "zf2"
            ],
            "time": "2016-04-28T17:37:42+00:00"
        }
    ],
    "packages-dev": [
        {
            "name": "http-interop/http-middleware",
            "version": "0.4.1",
            "source": {
                "type": "git",
                "url": "https://github.com/http-interop/http-middleware.git",
                "reference": "9a801fe60e70d5d608b61d56b2dcde29516c81b9"
            },
            "dist": {
                "type": "zip",
                "url": "https://api.github.com/repos/http-interop/http-middleware/zipball/9a801fe60e70d5d608b61d56b2dcde29516c81b9",
                "reference": "9a801fe60e70d5d608b61d56b2dcde29516c81b9",
                "shasum": ""
            },
            "require": {
                "php": ">=5.3.0",
                "psr/http-message": "^1.0"
            },
            "type": "library",
            "extra": {
                "branch-alias": {
                    "dev-master": "1.0.x-dev"
                }
            },
            "autoload": {
                "psr-4": {
                    "Interop\\Http\\ServerMiddleware\\": "src/"
                }
            },
            "notification-url": "https://packagist.org/downloads/",
            "license": [
                "MIT"
            ],
            "authors": [
                {
                    "name": "PHP-FIG",
                    "homepage": "http://www.php-fig.org/"
                }
            ],
            "description": "Common interface for HTTP server-side middleware",
            "keywords": [
                "factory",
                "http",
                "middleware",
                "psr",
                "psr-17",
                "psr-7",
                "request",
                "response"
            ],
            "time": "2017-01-14T15:23:42+00:00"
        },
        {
            "name": "zendframework/zend-escaper",
            "version": "2.5.2",
            "source": {
                "type": "git",
                "url": "https://github.com/zendframework/zend-escaper.git",
                "reference": "2dcd14b61a72d8b8e27d579c6344e12c26141d4e"
            },
            "dist": {
                "type": "zip",
                "url": "https://api.github.com/repos/zendframework/zend-escaper/zipball/2dcd14b61a72d8b8e27d579c6344e12c26141d4e",
                "reference": "2dcd14b61a72d8b8e27d579c6344e12c26141d4e",
                "shasum": ""
            },
            "require": {
                "php": ">=5.5"
            },
            "require-dev": {
                "fabpot/php-cs-fixer": "1.7.*",
                "phpunit/phpunit": "~4.0"
            },
            "type": "library",
            "extra": {
                "branch-alias": {
                    "dev-master": "2.5-dev",
                    "dev-develop": "2.6-dev"
                }
            },
            "autoload": {
                "psr-4": {
                    "Zend\\Escaper\\": "src/"
                }
            },
            "notification-url": "https://packagist.org/downloads/",
            "license": [
                "BSD-3-Clause"
            ],
            "homepage": "https://github.com/zendframework/zend-escaper",
            "keywords": [
                "escaper",
                "zf2"
            ],
            "time": "2016-06-30T19:48:38+00:00"
        },
        {
            "name": "zendframework/zend-stratigility",
            "version": "2.0.1",
            "source": {
                "type": "git",
                "url": "https://github.com/zendframework/zend-stratigility.git",
                "reference": "229e7d94010d09d9e68096ff6f1d35f354d8dac9"
            },
            "dist": {
                "type": "zip",
                "url": "https://api.github.com/repos/zendframework/zend-stratigility/zipball/229e7d94010d09d9e68096ff6f1d35f354d8dac9",
                "reference": "229e7d94010d09d9e68096ff6f1d35f354d8dac9",
                "shasum": ""
            },
            "require": {
                "http-interop/http-middleware": "^0.4.1",
                "php": "^5.6 || ^7.0",
                "psr/http-message": "^1.0",
                "zendframework/zend-escaper": "^2.3"
            },
            "require-dev": {
                "malukenho/docheader": "^0.1.5",
                "phpunit/phpunit": "^5.7",
                "zendframework/zend-coding-standard": "~1.0.0",
                "zendframework/zend-diactoros": "^1.0"
            },
            "suggest": {
                "psr/http-message-implementation": "Please install a psr/http-message-implementation to consume Stratigility; e.g., zendframework/zend-diactoros"
            },
            "type": "library",
            "extra": {
                "branch-alias": {
                    "dev-master": "2.0.0-dev",
                    "dev-develop": "2.1.0-dev"
                }
            },
            "autoload": {
                "psr-4": {
                    "Zend\\Stratigility\\": "src/"
                }
            },
            "notification-url": "https://packagist.org/downloads/",
            "license": [
                "BSD-3-Clause"
            ],
            "description": "Middleware for PHP",
            "homepage": "https://github.com/zendframework/zend-stratigility",
            "keywords": [
                "http",
                "middleware",
                "psr-7"
            ],
            "time": "2017-01-25T19:16:16+00:00"
        }
    ],
    "aliases": [],
    "minimum-stability": "dev",
    "stability-flags": {
        "paragonie/cookie": 20,
        "psr7-sessions/session-encode-decoder": 20,
        "roave/security-advisories": 20
    },
    "prefer-stable": true,
    "prefer-lowest": false,
    "platform": [],
    "platform-dev": []
}
